
Microsoft Visual Studio Solution File, Format Version 12.00
# Visual Studio Version 17
VisualStudioVersion = 17.9.34607.119
MinimumVisualStudioVersion = 10.0.40219.1
Project("{FAE04EC0-301F-11D3-BF4B-00C04F79EFBC}") = "PYAS", "PYAS\PYAS.csproj", "{5DAF9368-65BF-45CA-817B-723E6B146A9E}"
EndProject
Project("{FAE04EC0-301F-11D3-BF4B-00C04F79EFBC}") = "test", "test\test.csproj", "{81F8B129-BB75-410D-ADB0-EE4F6C701F7F}"
EndProject
Global
	GlobalSection(SolutionConfigurationPlatforms) = preSolution
		Debug|Any CPU = Debug|Any CPU
		Release|Any CPU = Release|Any CPU
	EndGlobalSection
	GlobalSection(ProjectConfigurationPlatforms) = postSolution
		{5DAF9368-65BF-45CA-817B-723E6B146A9E}.Debug|Any CPU.ActiveCfg = Debug|Any CPU
		{5DAF9368-65BF-45CA-817B-723E6B146A9E}.Debug|Any CPU.Build.0 = Debug|Any CPU
		{5DAF9368-65BF-45CA-817B-723E6B146A9E}.Release|Any CPU.ActiveCfg = Release|Any CPU
		{5DAF9368-65BF-45CA-817B-723E6B146A9E}.Release|Any CPU.Build.0 = Release|Any CPU
		{81F8B129-BB75-410D-ADB0-EE4F6C701F7F}.Debug|Any CPU.ActiveCfg = Debug|Any CPU
		{81F8B129-BB75-410D-ADB0-EE4F6C701F7F}.Debug|Any CPU.Build.0 = Debug|Any CPU
		{81F8B129-BB75-410D-ADB0-EE4F6C701F7F}.Release|Any CPU.ActiveCfg = Release|Any CPU
		{81F8B129-BB75-410D-ADB0-EE4F6C701F7F}.Release|Any CPU.Build.0 = Release|Any CPU
	EndGlobalSection
	GlobalSection(SolutionProperties) = preSolution
		HideSolutionNode = FALSE
	EndGlobalSection
	GlobalSection(ExtensibilityGlobals) = postSolution
		SolutionGuid = {3DD4A802-7A2C-4DC4-9377-5F6DDC9B752F}
	EndGlobalSection
EndGlobal
